// !$*UTF8*$!
{
	archiveVersion = 1;
	classes = {
	};
	objectVersion = 77;
	objects = {

/* Begin PBXBuildFile section */
		AD0F1A9B2D4E5B2300FBB61D /* SwiftSoup in Frameworks */ = {isa = PBXBuildFile; productRef = AD0F1A9A2D4E5B2300FBB61D /* SwiftSoup */; };
		AD71E3482D398FC500739792 /* WidgetKit.framework in Frameworks */ = {isa = PBXBuildFile; fileRef = AD71E3472D398FC500739792 /* WidgetKit.framework */; };
		AD71E34A2D398FC500739792 /* SwiftUI.framework in Frameworks */ = {isa = PBXBuildFile; fileRef = AD71E3492D398FC500739792 /* SwiftUI.framework */; };
		AD71E3582D398FC600739792 /* MensaSHWidgetExtension.appex in Embed Foundation Extensions */ = {isa = PBXBuildFile; fileRef = AD71E3452D398FC500739792 /* MensaSHWidgetExtension.appex */; platformFilters = (ios, macos, ); settings = {ATTRIBUTES = (RemoveHeadersOnCopy, ); }; };
		ADE1602C2CEA6BD600A9A177 /* SwiftSoup in Frameworks */ = {isa = PBXBuildFile; productRef = ADE1602B2CEA6BD600A9A177 /* SwiftSoup */; };
/* End PBXBuildFile section */

/* Begin PBXContainerItemProxy section */
		AD71E3562D398FC600739792 /* PBXContainerItemProxy */ = {
			isa = PBXContainerItemProxy;
			containerPortal = ADE15FEF2CEA6B8400A9A177 /* Project object */;
			proxyType = 1;
			remoteGlobalIDString = AD71E3442D398FC500739792;
			remoteInfo = MensaSHWidgetExtension;
		};
		ADE1600B2CEA6B8700A9A177 /* PBXContainerItemProxy */ = {
			isa = PBXContainerItemProxy;
			containerPortal = ADE15FEF2CEA6B8400A9A177 /* Project object */;
			proxyType = 1;
			remoteGlobalIDString = ADE15FF62CEA6B8400A9A177;
			remoteInfo = Mensa;
		};
		ADE160152CEA6B8700A9A177 /* PBXContainerItemProxy */ = {
			isa = PBXContainerItemProxy;
			containerPortal = ADE15FEF2CEA6B8400A9A177 /* Project object */;
			proxyType = 1;
			remoteGlobalIDString = ADE15FF62CEA6B8400A9A177;
			remoteInfo = Mensa;
		};
/* End PBXContainerItemProxy section */

/* Begin PBXCopyFilesBuildPhase section */
		AD71E3592D398FC600739792 /* Embed Foundation Extensions */ = {
			isa = PBXCopyFilesBuildPhase;
			buildActionMask = 2147483647;
			dstPath = "";
			dstSubfolderSpec = 13;
			files = (
				AD71E3582D398FC600739792 /* MensaSHWidgetExtension.appex in Embed Foundation Extensions */,
			);
			name = "Embed Foundation Extensions";
			runOnlyForDeploymentPostprocessing = 0;
		};
/* End PBXCopyFilesBuildPhase section */

/* Begin PBXFileReference section */
		AD71E3452D398FC500739792 /* MensaSHWidgetExtension.appex */ = {isa = PBXFileReference; explicitFileType = "wrapper.app-extension"; includeInIndex = 0; path = MensaSHWidgetExtension.appex; sourceTree = BUILT_PRODUCTS_DIR; };
		AD71E3472D398FC500739792 /* WidgetKit.framework */ = {isa = PBXFileReference; lastKnownFileType = wrapper.framework; name = WidgetKit.framework; path = /System/Library/Frameworks/WidgetKit.framework; sourceTree = "<absolute>"; };
		AD71E3492D398FC500739792 /* SwiftUI.framework */ = {isa = PBXFileReference; lastKnownFileType = wrapper.framework; name = SwiftUI.framework; path = /System/Library/Frameworks/SwiftUI.framework; sourceTree = "<absolute>"; };
		ADE15FF72CEA6B8400A9A177 /* MensaSH.app */ = {isa = PBXFileReference; explicitFileType = wrapper.application; includeInIndex = 0; path = MensaSH.app; sourceTree = BUILT_PRODUCTS_DIR; };
		ADE1600A2CEA6B8700A9A177 /* MensaSHTests.xctest */ = {isa = PBXFileReference; explicitFileType = wrapper.cfbundle; includeInIndex = 0; path = MensaSHTests.xctest; sourceTree = BUILT_PRODUCTS_DIR; };
		ADE160142CEA6B8700A9A177 /* MensaSHUITests.xctest */ = {isa = PBXFileReference; explicitFileType = wrapper.cfbundle; includeInIndex = 0; path = MensaSHUITests.xctest; sourceTree = BUILT_PRODUCTS_DIR; };
/* End PBXFileReference section */

/* Begin PBXFileSystemSynchronizedBuildFileExceptionSet section */
		AD0F1A962D4E5AA300FBB61D /* Exceptions for "Shared" folder in "MensaSHTests" target */ = {
			isa = PBXFileSystemSynchronizedBuildFileExceptionSet;
			membershipExceptions = (
				Domain/Building.swift,
				Domain/City.swift,
				Domain/Ingredient.swift,
				Domain/Location.swift,
				Domain/MenuOfTheDay.swift,
				Domain/PriceCategory.swift,
				Extensions/Collection.swift,
				MensaParser.swift,
			);
			target = ADE160092CEA6B8700A9A177 /* MensaSHTests */;
		};
		AD0F1A972D4E5AA300FBB61D /* Exceptions for "Shared" folder in "MensaSHWidgetExtension" target */ = {
			isa = PBXFileSystemSynchronizedBuildFileExceptionSet;
			membershipExceptions = (
				Domain/Building.swift,
				Domain/City.swift,
				Domain/Ingredient.swift,
				Domain/Location.swift,
				Domain/MenuOfTheDay.swift,
				Domain/PriceCategory.swift,
				Extensions/Collection.swift,
				MensaParser.swift,
			);
			target = AD71E3442D398FC500739792 /* MensaSHWidgetExtension */;
		};
		AD0F1A9F2D4E5C0200FBB61D /* Exceptions for "MensaSH" folder in "MensaSHWidgetExtension" target */ = {
			isa = PBXFileSystemSynchronizedBuildFileExceptionSet;
			membershipExceptions = (
				"Preview Content/MenuExamples.swift",
			);
			target = AD71E3442D398FC500739792 /* MensaSHWidgetExtension */;
		};
		AD71E35D2D398FC700739792 /* Exceptions for "MensaSHWidget" folder in "MensaSHWidgetExtension" target */ = {
			isa = PBXFileSystemSynchronizedBuildFileExceptionSet;
			membershipExceptions = (
				Info.plist,
			);
			target = AD71E3442D398FC500739792 /* MensaSHWidgetExtension */;
		};
		AD7E9ACA2CEE49A0005322FC /* Exceptions for "MensaSH" folder in "MensaSH" target */ = {
			isa = PBXFileSystemSynchronizedBuildFileExceptionSet;
			membershipExceptions = (
				Info.plist,
			);
			target = ADE15FF62CEA6B8400A9A177 /* MensaSH */;
		};
/* End PBXFileSystemSynchronizedBuildFileExceptionSet section */

/* Begin PBXFileSystemSynchronizedRootGroup section */
		AD0F1A952D4E5A6400FBB61D /* Shared */ = {
			isa = PBXFileSystemSynchronizedRootGroup;
			exceptions = (
				AD0F1A962D4E5AA300FBB61D /* Exceptions for "Shared" folder in "MensaSHTests" target */,
				AD0F1A972D4E5AA300FBB61D /* Exceptions for "Shared" folder in "MensaSHWidgetExtension" target */,
			);
			path = Shared;
			sourceTree = "<group>";
		};
		AD71E34B2D398FC500739792 /* MensaSHWidget */ = {
			isa = PBXFileSystemSynchronizedRootGroup;
			exceptions = (
				AD71E35D2D398FC700739792 /* Exceptions for "MensaSHWidget" folder in "MensaSHWidgetExtension" target */,
			);
			path = MensaSHWidget;
			sourceTree = "<group>";
		};
		ADE15FF92CEA6B8400A9A177 /* MensaSH */ = {
			isa = PBXFileSystemSynchronizedRootGroup;
			exceptions = (
				AD7E9ACA2CEE49A0005322FC /* Exceptions for "MensaSH" folder in "MensaSH" target */,
				AD0F1A9F2D4E5C0200FBB61D /* Exceptions for "MensaSH" folder in "MensaSHWidgetExtension" target */,
			);
			path = MensaSH;
			sourceTree = "<group>";
		};
		ADE1600D2CEA6B8700A9A177 /* MensaSHTests */ = {
			isa = PBXFileSystemSynchronizedRootGroup;
			path = MensaSHTests;
			sourceTree = "<group>";
		};
		ADE160172CEA6B8700A9A177 /* MensaSHUITests */ = {
			isa = PBXFileSystemSynchronizedRootGroup;
			path = MensaSHUITests;
			sourceTree = "<group>";
		};
/* End PBXFileSystemSynchronizedRootGroup section */

/* Begin PBXFrameworksBuildPhase section */
		AD71E3422D398FC500739792 /* Frameworks */ = {
			isa = PBXFrameworksBuildPhase;
			buildActionMask = 2147483647;
			files = (
				AD71E34A2D398FC500739792 /* SwiftUI.framework in Frameworks */,
				AD71E3482D398FC500739792 /* WidgetKit.framework in Frameworks */,
				AD0F1A9B2D4E5B2300FBB61D /* SwiftSoup in Frameworks */,
			);
			runOnlyForDeploymentPostprocessing = 0;
		};
		ADE15FF42CEA6B8400A9A177 /* Frameworks */ = {
			isa = PBXFrameworksBuildPhase;
			buildActionMask = 2147483647;
			files = (
				ADE1602C2CEA6BD600A9A177 /* SwiftSoup in Frameworks */,
			);
			runOnlyForDeploymentPostprocessing = 0;
		};
		ADE160072CEA6B8700A9A177 /* Frameworks */ = {
			isa = PBXFrameworksBuildPhase;
			buildActionMask = 2147483647;
			files = (
			);
			runOnlyForDeploymentPostprocessing = 0;
		};
		ADE160112CEA6B8700A9A177 /* Frameworks */ = {
			isa = PBXFrameworksBuildPhase;
			buildActionMask = 2147483647;
			files = (
			);
			runOnlyForDeploymentPostprocessing = 0;
		};
/* End PBXFrameworksBuildPhase section */

/* Begin PBXGroup section */
		AD71E3462D398FC500739792 /* Frameworks */ = {
			isa = PBXGroup;
			children = (
				AD71E3472D398FC500739792 /* WidgetKit.framework */,
				AD71E3492D398FC500739792 /* SwiftUI.framework */,
			);
			name = Frameworks;
			sourceTree = "<group>";
		};
		ADE15FEE2CEA6B8400A9A177 = {
			isa = PBXGroup;
			children = (
				AD0F1A952D4E5A6400FBB61D /* Shared */,
				ADE15FF92CEA6B8400A9A177 /* MensaSH */,
				ADE1600D2CEA6B8700A9A177 /* MensaSHTests */,
				ADE160172CEA6B8700A9A177 /* MensaSHUITests */,
				AD71E34B2D398FC500739792 /* MensaSHWidget */,
				AD71E3462D398FC500739792 /* Frameworks */,
				ADE15FF82CEA6B8400A9A177 /* Products */,
			);
			sourceTree = "<group>";
		};
		ADE15FF82CEA6B8400A9A177 /* Products */ = {
			isa = PBXGroup;
			children = (
				ADE15FF72CEA6B8400A9A177 /* MensaSH.app */,
				ADE1600A2CEA6B8700A9A177 /* MensaSHTests.xctest */,
				ADE160142CEA6B8700A9A177 /* MensaSHUITests.xctest */,
				AD71E3452D398FC500739792 /* MensaSHWidgetExtension.appex */,
			);
			name = Products;
			sourceTree = "<group>";
		};
/* End PBXGroup section */

/* Begin PBXNativeTarget section */
		AD71E3442D398FC500739792 /* MensaSHWidgetExtension */ = {
			isa = PBXNativeTarget;
			buildConfigurationList = AD71E35C2D398FC700739792 /* Build configuration list for PBXNativeTarget "MensaSHWidgetExtension" */;
			buildPhases = (
				AD71E3412D398FC500739792 /* Sources */,
				AD71E3422D398FC500739792 /* Frameworks */,
				AD71E3432D398FC500739792 /* Resources */,
			);
			buildRules = (
			);
			dependencies = (
			);
			fileSystemSynchronizedGroups = (
				AD71E34B2D398FC500739792 /* MensaSHWidget */,
			);
			name = MensaSHWidgetExtension;
			packageProductDependencies = (
				AD0F1A9A2D4E5B2300FBB61D /* SwiftSoup */,
			);
			productName = MensaSHWidgetExtension;
			productReference = AD71E3452D398FC500739792 /* MensaSHWidgetExtension.appex */;
			productType = "com.apple.product-type.app-extension";
		};
		ADE15FF62CEA6B8400A9A177 /* MensaSH */ = {
			isa = PBXNativeTarget;
			buildConfigurationList = ADE1601E2CEA6B8700A9A177 /* Build configuration list for PBXNativeTarget "MensaSH" */;
			buildPhases = (
				ADE15FF32CEA6B8400A9A177 /* Sources */,
				ADE15FF42CEA6B8400A9A177 /* Frameworks */,
				ADE15FF52CEA6B8400A9A177 /* Resources */,
				AD71E3592D398FC600739792 /* Embed Foundation Extensions */,
			);
			buildRules = (
			);
			dependencies = (
				AD71E3572D398FC600739792 /* PBXTargetDependency */,
			);
			fileSystemSynchronizedGroups = (
				AD0F1A952D4E5A6400FBB61D /* Shared */,
				ADE15FF92CEA6B8400A9A177 /* MensaSH */,
			);
			name = MensaSH;
			packageProductDependencies = (
				ADE1602B2CEA6BD600A9A177 /* SwiftSoup */,
			);
			productName = Mensa;
			productReference = ADE15FF72CEA6B8400A9A177 /* MensaSH.app */;
			productType = "com.apple.product-type.application";
		};
		ADE160092CEA6B8700A9A177 /* MensaSHTests */ = {
			isa = PBXNativeTarget;
			buildConfigurationList = ADE160212CEA6B8700A9A177 /* Build configuration list for PBXNativeTarget "MensaSHTests" */;
			buildPhases = (
				ADE160062CEA6B8700A9A177 /* Sources */,
				ADE160072CEA6B8700A9A177 /* Frameworks */,
				ADE160082CEA6B8700A9A177 /* Resources */,
			);
			buildRules = (
			);
			dependencies = (
				ADE1600C2CEA6B8700A9A177 /* PBXTargetDependency */,
			);
			fileSystemSynchronizedGroups = (
				ADE1600D2CEA6B8700A9A177 /* MensaSHTests */,
			);
			name = MensaSHTests;
			packageProductDependencies = (
			);
			productName = MensaTests;
			productReference = ADE1600A2CEA6B8700A9A177 /* MensaSHTests.xctest */;
			productType = "com.apple.product-type.bundle.unit-test";
		};
		ADE160132CEA6B8700A9A177 /* MensaSHUITests */ = {
			isa = PBXNativeTarget;
			buildConfigurationList = ADE160242CEA6B8700A9A177 /* Build configuration list for PBXNativeTarget "MensaSHUITests" */;
			buildPhases = (
				ADE160102CEA6B8700A9A177 /* Sources */,
				ADE160112CEA6B8700A9A177 /* Frameworks */,
				ADE160122CEA6B8700A9A177 /* Resources */,
			);
			buildRules = (
			);
			dependencies = (
				ADE160162CEA6B8700A9A177 /* PBXTargetDependency */,
			);
			fileSystemSynchronizedGroups = (
				ADE160172CEA6B8700A9A177 /* MensaSHUITests */,
			);
			name = MensaSHUITests;
			packageProductDependencies = (
			);
			productName = MensaUITests;
			productReference = ADE160142CEA6B8700A9A177 /* MensaSHUITests.xctest */;
			productType = "com.apple.product-type.bundle.ui-testing";
		};
/* End PBXNativeTarget section */

/* Begin PBXProject section */
		ADE15FEF2CEA6B8400A9A177 /* Project object */ = {
			isa = PBXProject;
			attributes = {
				BuildIndependentTargetsInParallel = 1;
				LastSwiftUpdateCheck = 1620;
				LastUpgradeCheck = 2600;
				TargetAttributes = {
					AD71E3442D398FC500739792 = {
						CreatedOnToolsVersion = 16.2;
					};
					ADE15FF62CEA6B8400A9A177 = {
						CreatedOnToolsVersion = 16.1;
					};
					ADE160092CEA6B8700A9A177 = {
						CreatedOnToolsVersion = 16.1;
						TestTargetID = ADE15FF62CEA6B8400A9A177;
					};
					ADE160132CEA6B8700A9A177 = {
						CreatedOnToolsVersion = 16.1;
						TestTargetID = ADE15FF62CEA6B8400A9A177;
					};
				};
			};
			buildConfigurationList = ADE15FF22CEA6B8400A9A177 /* Build configuration list for PBXProject "MensaSH" */;
			developmentRegion = en;
			hasScannedForEncodings = 0;
			knownRegions = (
				en,
				Base,
				de,
			);
			mainGroup = ADE15FEE2CEA6B8400A9A177;
			minimizedProjectReferenceProxies = 1;
			packageReferences = (
				ADE1602A2CEA6BD600A9A177 /* XCRemoteSwiftPackageReference "SwiftSoup" */,
			);
			preferredProjectObjectVersion = 77;
			productRefGroup = ADE15FF82CEA6B8400A9A177 /* Products */;
			projectDirPath = "";
			projectRoot = "";
			targets = (
				ADE15FF62CEA6B8400A9A177 /* MensaSH */,
				ADE160092CEA6B8700A9A177 /* MensaSHTests */,
				ADE160132CEA6B8700A9A177 /* MensaSHUITests */,
				AD71E3442D398FC500739792 /* MensaSHWidgetExtension */,
			);
		};
/* End PBXProject section */

/* Begin PBXResourcesBuildPhase section */
		AD71E3432D398FC500739792 /* Resources */ = {
			isa = PBXResourcesBuildPhase;
			buildActionMask = 2147483647;
			files = (
			);
			runOnlyForDeploymentPostprocessing = 0;
		};
		ADE15FF52CEA6B8400A9A177 /* Resources */ = {
			isa = PBXResourcesBuildPhase;
			buildActionMask = 2147483647;
			files = (
			);
			runOnlyForDeploymentPostprocessing = 0;
		};
		ADE160082CEA6B8700A9A177 /* Resources */ = {
			isa = PBXResourcesBuildPhase;
			buildActionMask = 2147483647;
			files = (
			);
			runOnlyForDeploymentPostprocessing = 0;
		};
		ADE160122CEA6B8700A9A177 /* Resources */ = {
			isa = PBXResourcesBuildPhase;
			buildActionMask = 2147483647;
			files = (
			);
			runOnlyForDeploymentPostprocessing = 0;
		};
/* End PBXResourcesBuildPhase section */

/* Begin PBXSourcesBuildPhase section */
		AD71E3412D398FC500739792 /* Sources */ = {
			isa = PBXSourcesBuildPhase;
			buildActionMask = 2147483647;
			files = (
			);
			runOnlyForDeploymentPostprocessing = 0;
		};
		ADE15FF32CEA6B8400A9A177 /* Sources */ = {
			isa = PBXSourcesBuildPhase;
			buildActionMask = 2147483647;
			files = (
			);
			runOnlyForDeploymentPostprocessing = 0;
		};
		ADE160062CEA6B8700A9A177 /* Sources */ = {
			isa = PBXSourcesBuildPhase;
			buildActionMask = 2147483647;
			files = (
			);
			runOnlyForDeploymentPostprocessing = 0;
		};
		ADE160102CEA6B8700A9A177 /* Sources */ = {
			isa = PBXSourcesBuildPhase;
			buildActionMask = 2147483647;
			files = (
			);
			runOnlyForDeploymentPostprocessing = 0;
		};
/* End PBXSourcesBuildPhase section */

/* Begin PBXTargetDependency section */
		AD71E3572D398FC600739792 /* PBXTargetDependency */ = {
			isa = PBXTargetDependency;
			platformFilters = (
				ios,
				macos,
			);
			target = AD71E3442D398FC500739792 /* MensaSHWidgetExtension */;
			targetProxy = AD71E3562D398FC600739792 /* PBXContainerItemProxy */;
		};
		ADE1600C2CEA6B8700A9A177 /* PBXTargetDependency */ = {
			isa = PBXTargetDependency;
			target = ADE15FF62CEA6B8400A9A177 /* MensaSH */;
			targetProxy = ADE1600B2CEA6B8700A9A177 /* PBXContainerItemProxy */;
		};
		ADE160162CEA6B8700A9A177 /* PBXTargetDependency */ = {
			isa = PBXTargetDependency;
			target = ADE15FF62CEA6B8400A9A177 /* MensaSH */;
			targetProxy = ADE160152CEA6B8700A9A177 /* PBXContainerItemProxy */;
		};
/* End PBXTargetDependency section */

/* Begin XCBuildConfiguration section */
		AD71E35A2D398FC600739792 /* Debug */ = {
			isa = XCBuildConfiguration;
			buildSettings = {
				ASSETCATALOG_COMPILER_GLOBAL_ACCENT_COLOR_NAME = AccentColor;
				ASSETCATALOG_COMPILER_WIDGET_BACKGROUND_COLOR_NAME = WidgetBackground;
				CODE_SIGN_ENTITLEMENTS = MensaSHWidget/MensaSHWidget.entitlements;
				CODE_SIGN_STYLE = Automatic;
				CURRENT_PROJECT_VERSION = 7;
				ENABLE_APP_SANDBOX = YES;
				ENABLE_HARDENED_RUNTIME = YES;
				ENABLE_OUTGOING_NETWORK_CONNECTIONS = YES;
				GENERATE_INFOPLIST_FILE = YES;
				INFOPLIST_FILE = MensaSHWidget/Info.plist;
				INFOPLIST_KEY_CFBundleDisplayName = MensaSHWidget;
				INFOPLIST_KEY_NSHumanReadableCopyright = "";
				IPHONEOS_DEPLOYMENT_TARGET = 17.6;
				LD_RUNPATH_SEARCH_PATHS = (
					"$(inherited)",
					"@executable_path/Frameworks",
					"@executable_path/../../Frameworks",
				);
				"LD_RUNPATH_SEARCH_PATHS[sdk=macosx*]" = (
					"$(inherited)",
					"@executable_path/../Frameworks",
					"@executable_path/../../../../Frameworks",
				);
				MACOSX_DEPLOYMENT_TARGET = 14.6;
				MARKETING_VERSION = 1.0.2;
				PRODUCT_BUNDLE_IDENTIFIER = com.lukasobermann.MensaSH.MensaSHWidget;
				PRODUCT_NAME = "$(TARGET_NAME)";
				SDKROOT = auto;
				SKIP_INSTALL = YES;
				SUPPORTED_PLATFORMS = "iphoneos iphonesimulator macosx";
				SUPPORTS_MACCATALYST = NO;
				SWIFT_EMIT_LOC_STRINGS = YES;
				SWIFT_VERSION = 6.0;
				TARGETED_DEVICE_FAMILY = "1,2";
				XROS_DEPLOYMENT_TARGET = 2.1;
			};
			name = Debug;
		};
		AD71E35B2D398FC600739792 /* Release */ = {
			isa = XCBuildConfiguration;
			buildSettings = {
				ASSETCATALOG_COMPILER_GLOBAL_ACCENT_COLOR_NAME = AccentColor;
				ASSETCATALOG_COMPILER_WIDGET_BACKGROUND_COLOR_NAME = WidgetBackground;
				CODE_SIGN_ENTITLEMENTS = MensaSHWidget/MensaSHWidget.entitlements;
				CODE_SIGN_STYLE = Automatic;
				CURRENT_PROJECT_VERSION = 7;
				ENABLE_APP_SANDBOX = YES;
				ENABLE_HARDENED_RUNTIME = YES;
				ENABLE_OUTGOING_NETWORK_CONNECTIONS = YES;
				GENERATE_INFOPLIST_FILE = YES;
				INFOPLIST_FILE = MensaSHWidget/Info.plist;
				INFOPLIST_KEY_CFBundleDisplayName = MensaSHWidget;
				INFOPLIST_KEY_NSHumanReadableCopyright = "";
				IPHONEOS_DEPLOYMENT_TARGET = 17.6;
				LD_RUNPATH_SEARCH_PATHS = (
					"$(inherited)",
					"@executable_path/Frameworks",
					"@executable_path/../../Frameworks",
				);
				"LD_RUNPATH_SEARCH_PATHS[sdk=macosx*]" = (
					"$(inherited)",
					"@executable_path/../Frameworks",
					"@executable_path/../../../../Frameworks",
				);
				MACOSX_DEPLOYMENT_TARGET = 14.6;
				MARKETING_VERSION = 1.0.2;
				PRODUCT_BUNDLE_IDENTIFIER = com.lukasobermann.MensaSH.MensaSHWidget;
				PRODUCT_NAME = "$(TARGET_NAME)";
				SDKROOT = auto;
				SKIP_INSTALL = YES;
				SUPPORTED_PLATFORMS = "iphoneos iphonesimulator macosx";
				SUPPORTS_MACCATALYST = NO;
				SWIFT_EMIT_LOC_STRINGS = YES;
				SWIFT_VERSION = 6.0;
				TARGETED_DEVICE_FAMILY = "1,2";
				XROS_DEPLOYMENT_TARGET = 2.1;
			};
			name = Release;
		};
		ADE1601C2CEA6B8700A9A177 /* Debug */ = {
			isa = XCBuildConfiguration;
			buildSettings = {
				ALWAYS_SEARCH_USER_PATHS = NO;
				ASSETCATALOG_COMPILER_GENERATE_SWIFT_ASSET_SYMBOL_EXTENSIONS = YES;
				CLANG_ANALYZER_LOCALIZABILITY_NONLOCALIZED = YES;
				CLANG_ANALYZER_NONNULL = YES;
				CLANG_ANALYZER_NUMBER_OBJECT_CONVERSION = YES_AGGRESSIVE;
				CLANG_CXX_LANGUAGE_STANDARD = "gnu++20";
				CLANG_ENABLE_MODULES = YES;
				CLANG_ENABLE_OBJC_ARC = YES;
				CLANG_ENABLE_OBJC_WEAK = YES;
				CLANG_WARN_BLOCK_CAPTURE_AUTORELEASING = YES;
				CLANG_WARN_BOOL_CONVERSION = YES;
				CLANG_WARN_COMMA = YES;
				CLANG_WARN_CONSTANT_CONVERSION = YES;
				CLANG_WARN_DEPRECATED_OBJC_IMPLEMENTATIONS = YES;
				CLANG_WARN_DIRECT_OBJC_ISA_USAGE = YES_ERROR;
				CLANG_WARN_DOCUMENTATION_COMMENTS = YES;
				CLANG_WARN_EMPTY_BODY = YES;
				CLANG_WARN_ENUM_CONVERSION = YES;
				CLANG_WARN_INFINITE_RECURSION = YES;
				CLANG_WARN_INT_CONVERSION = YES;
				CLANG_WARN_NON_LITERAL_NULL_CONVERSION = YES;
				CLANG_WARN_OBJC_IMPLICIT_RETAIN_SELF = YES;
				CLANG_WARN_OBJC_LITERAL_CONVERSION = YES;
				CLANG_WARN_OBJC_ROOT_CLASS = YES_ERROR;
				CLANG_WARN_QUOTED_INCLUDE_IN_FRAMEWORK_HEADER = YES;
				CLANG_WARN_RANGE_LOOP_ANALYSIS = YES;
				CLANG_WARN_STRICT_PROTOTYPES = YES;
				CLANG_WARN_SUSPICIOUS_MOVE = YES;
				CLANG_WARN_UNGUARDED_AVAILABILITY = YES_AGGRESSIVE;
				CLANG_WARN_UNREACHABLE_CODE = YES;
				CLANG_WARN__DUPLICATE_METHOD_MATCH = YES;
				COPY_PHASE_STRIP = NO;
				DEAD_CODE_STRIPPING = YES;
				DEBUG_INFORMATION_FORMAT = dwarf;
				DEVELOPMENT_TEAM = 3L26V7342D;
				ENABLE_STRICT_OBJC_MSGSEND = YES;
				ENABLE_TESTABILITY = YES;
				ENABLE_USER_SCRIPT_SANDBOXING = YES;
				GCC_C_LANGUAGE_STANDARD = gnu17;
				GCC_DYNAMIC_NO_PIC = NO;
				GCC_NO_COMMON_BLOCKS = YES;
				GCC_OPTIMIZATION_LEVEL = 0;
				GCC_PREPROCESSOR_DEFINITIONS = (
					"DEBUG=1",
					"$(inherited)",
				);
				GCC_WARN_64_TO_32_BIT_CONVERSION = YES;
				GCC_WARN_ABOUT_RETURN_TYPE = YES_ERROR;
				GCC_WARN_UNDECLARED_SELECTOR = YES;
				GCC_WARN_UNINITIALIZED_AUTOS = YES_AGGRESSIVE;
				GCC_WARN_UNUSED_FUNCTION = YES;
				GCC_WARN_UNUSED_VARIABLE = YES;
				LOCALIZATION_PREFERS_STRING_CATALOGS = YES;
				MTL_ENABLE_DEBUG_INFO = INCLUDE_SOURCE;
				MTL_FAST_MATH = YES;
				ONLY_ACTIVE_ARCH = YES;
				STRING_CATALOG_GENERATE_SYMBOLS = YES;
				SWIFT_ACTIVE_COMPILATION_CONDITIONS = "DEBUG $(inherited)";
				SWIFT_APPROACHABLE_CONCURRENCY = YES;
				SWIFT_DEFAULT_ACTOR_ISOLATION = MainActor;
				SWIFT_EMIT_LOC_STRINGS = YES;
				SWIFT_OPTIMIZATION_LEVEL = "-Onone";
				SWIFT_VERSION = 6.0;
			};
			name = Debug;
		};
		ADE1601D2CEA6B8700A9A177 /* Release */ = {
			isa = XCBuildConfiguration;
			buildSettings = {
				ALWAYS_SEARCH_USER_PATHS = NO;
				ASSETCATALOG_COMPILER_GENERATE_SWIFT_ASSET_SYMBOL_EXTENSIONS = YES;
				CLANG_ANALYZER_LOCALIZABILITY_NONLOCALIZED = YES;
				CLANG_ANALYZER_NONNULL = YES;
				CLANG_ANALYZER_NUMBER_OBJECT_CONVERSION = YES_AGGRESSIVE;
				CLANG_CXX_LANGUAGE_STANDARD = "gnu++20";
				CLANG_ENABLE_MODULES = YES;
				CLANG_ENABLE_OBJC_ARC = YES;
				CLANG_ENABLE_OBJC_WEAK = YES;
				CLANG_WARN_BLOCK_CAPTURE_AUTORELEASING = YES;
				CLANG_WARN_BOOL_CONVERSION = YES;
				CLANG_WARN_COMMA = YES;
				CLANG_WARN_CONSTANT_CONVERSION = YES;
				CLANG_WARN_DEPRECATED_OBJC_IMPLEMENTATIONS = YES;
				CLANG_WARN_DIRECT_OBJC_ISA_USAGE = YES_ERROR;
				CLANG_WARN_DOCUMENTATION_COMMENTS = YES;
				CLANG_WARN_EMPTY_BODY = YES;
				CLANG_WARN_ENUM_CONVERSION = YES;
				CLANG_WARN_INFINITE_RECURSION = YES;
				CLANG_WARN_INT_CONVERSION = YES;
				CLANG_WARN_NON_LITERAL_NULL_CONVERSION = YES;
				CLANG_WARN_OBJC_IMPLICIT_RETAIN_SELF = YES;
				CLANG_WARN_OBJC_LITERAL_CONVERSION = YES;
				CLANG_WARN_OBJC_ROOT_CLASS = YES_ERROR;
				CLANG_WARN_QUOTED_INCLUDE_IN_FRAMEWORK_HEADER = YES;
				CLANG_WARN_RANGE_LOOP_ANALYSIS = YES;
				CLANG_WARN_STRICT_PROTOTYPES = YES;
				CLANG_WARN_SUSPICIOUS_MOVE = YES;
				CLANG_WARN_UNGUARDED_AVAILABILITY = YES_AGGRESSIVE;
				CLANG_WARN_UNREACHABLE_CODE = YES;
				CLANG_WARN__DUPLICATE_METHOD_MATCH = YES;
				COPY_PHASE_STRIP = NO;
				DEAD_CODE_STRIPPING = YES;
				DEBUG_INFORMATION_FORMAT = "dwarf-with-dsym";
				DEVELOPMENT_TEAM = 3L26V7342D;
				ENABLE_NS_ASSERTIONS = NO;
				ENABLE_STRICT_OBJC_MSGSEND = YES;
				ENABLE_USER_SCRIPT_SANDBOXING = YES;
				GCC_C_LANGUAGE_STANDARD = gnu17;
				GCC_NO_COMMON_BLOCKS = YES;
				GCC_WARN_64_TO_32_BIT_CONVERSION = YES;
				GCC_WARN_ABOUT_RETURN_TYPE = YES_ERROR;
				GCC_WARN_UNDECLARED_SELECTOR = YES;
				GCC_WARN_UNINITIALIZED_AUTOS = YES_AGGRESSIVE;
				GCC_WARN_UNUSED_FUNCTION = YES;
				GCC_WARN_UNUSED_VARIABLE = YES;
				LOCALIZATION_PREFERS_STRING_CATALOGS = YES;
				MTL_ENABLE_DEBUG_INFO = NO;
				MTL_FAST_MATH = YES;
				STRING_CATALOG_GENERATE_SYMBOLS = YES;
				SWIFT_APPROACHABLE_CONCURRENCY = YES;
				SWIFT_COMPILATION_MODE = wholemodule;
				SWIFT_DEFAULT_ACTOR_ISOLATION = MainActor;
				SWIFT_EMIT_LOC_STRINGS = YES;
				SWIFT_VERSION = 6.0;
			};
			name = Release;
		};
		ADE1601F2CEA6B8700A9A177 /* Debug */ = {
			isa = XCBuildConfiguration;
			buildSettings = {
				ASSETCATALOG_COMPILER_APPICON_NAME = MensaSH;
				ASSETCATALOG_COMPILER_GLOBAL_ACCENT_COLOR_NAME = AccentColor;
				ASSETCATALOG_COMPILER_INCLUDE_ALL_APPICON_ASSETS = NO;
				CODE_SIGN_ENTITLEMENTS = MensaSH/MensaSH.entitlements;
				"CODE_SIGN_IDENTITY[sdk=macosx*]" = "Apple Development";
				CODE_SIGN_STYLE = Automatic;
				CURRENT_PROJECT_VERSION = 7;
				DEAD_CODE_STRIPPING = YES;
				DEVELOPMENT_ASSET_PATHS = "\"MensaSH/Preview Content\"";
				ENABLE_APP_SANDBOX = YES;
				ENABLE_HARDENED_RUNTIME = YES;
				ENABLE_OUTGOING_NETWORK_CONNECTIONS = YES;
				ENABLE_PREVIEWS = YES;
				ENABLE_USER_SELECTED_FILES = readonly;
				GENERATE_INFOPLIST_FILE = YES;
				INFOPLIST_FILE = MensaSH/Info.plist;
				INFOPLIST_KEY_LSApplicationCategoryType = "public.app-category.food-and-drink";
				"INFOPLIST_KEY_UIApplicationSceneManifest_Generation[sdk=iphoneos*]" = YES;
				"INFOPLIST_KEY_UIApplicationSceneManifest_Generation[sdk=iphonesimulator*]" = YES;
				"INFOPLIST_KEY_UIApplicationSupportsIndirectInputEvents[sdk=iphoneos*]" = YES;
				"INFOPLIST_KEY_UIApplicationSupportsIndirectInputEvents[sdk=iphonesimulator*]" = YES;
				"INFOPLIST_KEY_UILaunchScreen_Generation[sdk=iphoneos*]" = YES;
				"INFOPLIST_KEY_UILaunchScreen_Generation[sdk=iphonesimulator*]" = YES;
				"INFOPLIST_KEY_UIStatusBarStyle[sdk=iphoneos*]" = UIStatusBarStyleDefault;
				"INFOPLIST_KEY_UIStatusBarStyle[sdk=iphonesimulator*]" = UIStatusBarStyleDefault;
				INFOPLIST_KEY_UISupportedInterfaceOrientations_iPad = "UIInterfaceOrientationPortrait UIInterfaceOrientationPortraitUpsideDown UIInterfaceOrientationLandscapeLeft UIInterfaceOrientationLandscapeRight";
				INFOPLIST_KEY_UISupportedInterfaceOrientations_iPhone = "UIInterfaceOrientationPortrait UIInterfaceOrientationLandscapeLeft UIInterfaceOrientationLandscapeRight";
				IPHONEOS_DEPLOYMENT_TARGET = 17.6;
				LD_RUNPATH_SEARCH_PATHS = "@executable_path/Frameworks";
				"LD_RUNPATH_SEARCH_PATHS[sdk=macosx*]" = "@executable_path/../Frameworks";
				MACOSX_DEPLOYMENT_TARGET = 15.0;
				MARKETING_VERSION = 1.0.2;
				PRODUCT_BUNDLE_IDENTIFIER = com.lukasobermann.MensaSH;
				PRODUCT_NAME = "$(TARGET_NAME)";
				SDKROOT = auto;
				SUPPORTED_PLATFORMS = "iphoneos iphonesimulator macosx xros xrsimulator";
				SWIFT_EMIT_LOC_STRINGS = YES;
				SWIFT_VERSION = 6.0;
				TARGETED_DEVICE_FAMILY = "1,2,7";
				XROS_DEPLOYMENT_TARGET = 2.1;
			};
			name = Debug;
		};
		ADE160202CEA6B8700A9A177 /* Release */ = {
			isa = XCBuildConfiguration;
			buildSettings = {
				ASSETCATALOG_COMPILER_APPICON_NAME = MensaSH;
				ASSETCATALOG_COMPILER_GLOBAL_ACCENT_COLOR_NAME = AccentColor;
				ASSETCATALOG_COMPILER_INCLUDE_ALL_APPICON_ASSETS = NO;
				CODE_SIGN_ENTITLEMENTS = MensaSH/MensaSH.entitlements;
				"CODE_SIGN_IDENTITY[sdk=macosx*]" = "Apple Development";
				CODE_SIGN_STYLE = Automatic;
				CURRENT_PROJECT_VERSION = 7;
				DEAD_CODE_STRIPPING = YES;
				DEVELOPMENT_ASSET_PATHS = "\"MensaSH/Preview Content\"";
				ENABLE_APP_SANDBOX = YES;
				ENABLE_HARDENED_RUNTIME = YES;
				ENABLE_OUTGOING_NETWORK_CONNECTIONS = YES;
				ENABLE_PREVIEWS = YES;
				ENABLE_USER_SELECTED_FILES = readonly;
				GENERATE_INFOPLIST_FILE = YES;
				INFOPLIST_FILE = MensaSH/Info.plist;
				INFOPLIST_KEY_LSApplicationCategoryType = "public.app-category.food-and-drink";
				"INFOPLIST_KEY_UIApplicationSceneManifest_Generation[sdk=iphoneos*]" = YES;
				"INFOPLIST_KEY_UIApplicationSceneManifest_Generation[sdk=iphonesimulator*]" = YES;
				"INFOPLIST_KEY_UIApplicationSupportsIndirectInputEvents[sdk=iphoneos*]" = YES;
				"INFOPLIST_KEY_UIApplicationSupportsIndirectInputEvents[sdk=iphonesimulator*]" = YES;
				"INFOPLIST_KEY_UILaunchScreen_Generation[sdk=iphoneos*]" = YES;
				"INFOPLIST_KEY_UILaunchScreen_Generation[sdk=iphonesimulator*]" = YES;
				"INFOPLIST_KEY_UIStatusBarStyle[sdk=iphoneos*]" = UIStatusBarStyleDefault;
				"INFOPLIST_KEY_UIStatusBarStyle[sdk=iphonesimulator*]" = UIStatusBarStyleDefault;
				INFOPLIST_KEY_UISupportedInterfaceOrientations_iPad = "UIInterfaceOrientationPortrait UIInterfaceOrientationPortraitUpsideDown UIInterfaceOrientationLandscapeLeft UIInterfaceOrientationLandscapeRight";
				INFOPLIST_KEY_UISupportedInterfaceOrientations_iPhone = "UIInterfaceOrientationPortrait UIInterfaceOrientationLandscapeLeft UIInterfaceOrientationLandscapeRight";
				IPHONEOS_DEPLOYMENT_TARGET = 17.6;
				LD_RUNPATH_SEARCH_PATHS = "@executable_path/Frameworks";
				"LD_RUNPATH_SEARCH_PATHS[sdk=macosx*]" = "@executable_path/../Frameworks";
				MACOSX_DEPLOYMENT_TARGET = 15.0;
				MARKETING_VERSION = 1.0.2;
				PRODUCT_BUNDLE_IDENTIFIER = com.lukasobermann.MensaSH;
				PRODUCT_NAME = "$(TARGET_NAME)";
				SDKROOT = auto;
				SUPPORTED_PLATFORMS = "iphoneos iphonesimulator macosx xros xrsimulator";
				SWIFT_EMIT_LOC_STRINGS = YES;
				SWIFT_VERSION = 6.0;
				TARGETED_DEVICE_FAMILY = "1,2,7";
				XROS_DEPLOYMENT_TARGET = 2.1;
			};
			name = Release;
		};
		ADE160222CEA6B8700A9A177 /* Debug */ = {
			isa = XCBuildConfiguration;
			buildSettings = {
				BUNDLE_LOADER = "$(TEST_HOST)";
				CODE_SIGN_STYLE = Automatic;
				CURRENT_PROJECT_VERSION = 1;
				DEAD_CODE_STRIPPING = YES;
				GENERATE_INFOPLIST_FILE = YES;
				IPHONEOS_DEPLOYMENT_TARGET = 18.1;
				MACOSX_DEPLOYMENT_TARGET = 15.1;
				MARKETING_VERSION = 1.0;
				PRODUCT_BUNDLE_IDENTIFIER = com.lukasobermann.MensaTests;
				PRODUCT_NAME = "$(TARGET_NAME)";
				SDKROOT = auto;
				SUPPORTED_PLATFORMS = "iphoneos iphonesimulator macosx xros xrsimulator";
				SWIFT_EMIT_LOC_STRINGS = NO;
				SWIFT_VERSION = 5.0;
				TARGETED_DEVICE_FAMILY = "1,2,7";
				TEST_HOST = "$(BUILT_PRODUCTS_DIR)/MensaSH.app/$(BUNDLE_EXECUTABLE_FOLDER_PATH)/MensaSH";
				XROS_DEPLOYMENT_TARGET = 2.1;
			};
			name = Debug;
		};
		ADE160232CEA6B8700A9A177 /* Release */ = {
			isa = XCBuildConfiguration;
			buildSettings = {
				BUNDLE_LOADER = "$(TEST_HOST)";
				CODE_SIGN_STYLE = Automatic;
				CURRENT_PROJECT_VERSION = 1;
				DEAD_CODE_STRIPPING = YES;
				GENERATE_INFOPLIST_FILE = YES;
				IPHONEOS_DEPLOYMENT_TARGET = 18.1;
				MACOSX_DEPLOYMENT_TARGET = 15.1;
				MARKETING_VERSION = 1.0;
				PRODUCT_BUNDLE_IDENTIFIER = com.lukasobermann.MensaTests;
				PRODUCT_NAME = "$(TARGET_NAME)";
				SDKROOT = auto;
				SUPPORTED_PLATFORMS = "iphoneos iphonesimulator macosx xros xrsimulator";
				SWIFT_EMIT_LOC_STRINGS = NO;
				SWIFT_VERSION = 5.0;
				TARGETED_DEVICE_FAMILY = "1,2,7";
				TEST_HOST = "$(BUILT_PRODUCTS_DIR)/MensaSH.app/$(BUNDLE_EXECUTABLE_FOLDER_PATH)/MensaSH";
				XROS_DEPLOYMENT_TARGET = 2.1;
			};
			name = Release;
		};
		ADE160252CEA6B8700A9A177 /* Debug */ = {
			isa = XCBuildConfiguration;
			buildSettings = {
				CODE_SIGN_STYLE = Automatic;
				CURRENT_PROJECT_VERSION = 1;
				DEAD_CODE_STRIPPING = YES;
				GENERATE_INFOPLIST_FILE = YES;
				IPHONEOS_DEPLOYMENT_TARGET = 18.1;
				MACOSX_DEPLOYMENT_TARGET = 15.1;
				MARKETING_VERSION = 1.0;
				PRODUCT_BUNDLE_IDENTIFIER = com.lukasobermann.MensaUITests;
				PRODUCT_NAME = "$(TARGET_NAME)";
				SDKROOT = auto;
				SUPPORTED_PLATFORMS = "iphoneos iphonesimulator macosx xros xrsimulator";
				SWIFT_EMIT_LOC_STRINGS = NO;
				SWIFT_VERSION = 5.0;
				TARGETED_DEVICE_FAMILY = "1,2,7";
				TEST_TARGET_NAME = Mensa;
				XROS_DEPLOYMENT_TARGET = 2.1;
			};
			name = Debug;
		};
		ADE160262CEA6B8700A9A177 /* Release */ = {
			isa = XCBuildConfiguration;
			buildSettings = {
				CODE_SIGN_STYLE = Automatic;
				CURRENT_PROJECT_VERSION = 1;
				DEAD_CODE_STRIPPING = YES;
				GENERATE_INFOPLIST_FILE = YES;
				IPHONEOS_DEPLOYMENT_TARGET = 18.1;
				MACOSX_DEPLOYMENT_TARGET = 15.1;
				MARKETING_VERSION = 1.0;
				PRODUCT_BUNDLE_IDENTIFIER = com.lukasobermann.MensaUITests;
				PRODUCT_NAME = "$(TARGET_NAME)";
				SDKROOT = auto;
				SUPPORTED_PLATFORMS = "iphoneos iphonesimulator macosx xros xrsimulator";
				SWIFT_EMIT_LOC_STRINGS = NO;
				SWIFT_VERSION = 5.0;
				TARGETED_DEVICE_FAMILY = "1,2,7";
				TEST_TARGET_NAME = Mensa;
				XROS_DEPLOYMENT_TARGET = 2.1;
			};
			name = Release;
		};
/* End XCBuildConfiguration section */

/* Begin XCConfigurationList section */
		AD71E35C2D398FC700739792 /* Build configuration list for PBXNativeTarget "MensaSHWidgetExtension" */ = {
			isa = XCConfigurationList;
			buildConfigurations = (
				AD71E35A2D398FC600739792 /* Debug */,
				AD71E35B2D398FC600739792 /* Release */,
			);
			defaultConfigurationIsVisible = 0;
			defaultConfigurationName = Release;
		};
		ADE15FF22CEA6B8400A9A177 /* Build configuration list for PBXProject "MensaSH" */ = {
			isa = XCConfigurationList;
			buildConfigurations = (
				ADE1601C2CEA6B8700A9A177 /* Debug */,
				ADE1601D2CEA6B8700A9A177 /* Release */,
			);
			defaultConfigurationIsVisible = 0;
			defaultConfigurationName = Release;
		};
		ADE1601E2CEA6B8700A9A177 /* Build configuration list for PBXNativeTarget "MensaSH" */ = {
			isa = XCConfigurationList;
			buildConfigurations = (
				ADE1601F2CEA6B8700A9A177 /* Debug */,
				ADE160202CEA6B8700A9A177 /* Release */,
			);
			defaultConfigurationIsVisible = 0;
			defaultConfigurationName = Release;
		};
		ADE160212CEA6B8700A9A177 /* Build configuration list for PBXNativeTarget "MensaSHTests" */ = {
			isa = XCConfigurationList;
			buildConfigurations = (
				ADE160222CEA6B8700A9A177 /* Debug */,
				ADE160232CEA6B8700A9A177 /* Release */,
			);
			defaultConfigurationIsVisible = 0;
			defaultConfigurationName = Release;
		};
		ADE160242CEA6B8700A9A177 /* Build configuration list for PBXNativeTarget "MensaSHUITests" */ = {
			isa = XCConfigurationList;
			buildConfigurations = (
				ADE160252CEA6B8700A9A177 /* Debug */,
				ADE160262CEA6B8700A9A177 /* Release */,
			);
			defaultConfigurationIsVisible = 0;
			defaultConfigurationName = Release;
		};
/* End XCConfigurationList section */

/* Begin XCRemoteSwiftPackageReference section */
		ADE1602A2CEA6BD600A9A177 /* XCRemoteSwiftPackageReference "SwiftSoup" */ = {
			isa = XCRemoteSwiftPackageReference;
			repositoryURL = "https://github.com/scinfu/SwiftSoup.git";
			requirement = {
				kind = upToNextMajorVersion;
				minimumVersion = 2.7.6;
			};
		};
/* End XCRemoteSwiftPackageReference section */

/* Begin XCSwiftPackageProductDependency section */
		AD0F1A9A2D4E5B2300FBB61D /* SwiftSoup */ = {
			isa = XCSwiftPackageProductDependency;
			package = ADE1602A2CEA6BD600A9A177 /* XCRemoteSwiftPackageReference "SwiftSoup" */;
			productName = SwiftSoup;
		};
		ADE1602B2CEA6BD600A9A177 /* SwiftSoup */ = {
			isa = XCSwiftPackageProductDependency;
			package = ADE1602A2CEA6BD600A9A177 /* XCRemoteSwiftPackageReference "SwiftSoup" */;
			productName = SwiftSoup;
		};
/* End XCSwiftPackageProductDependency section */
	};
	rootObject = ADE15FEF2CEA6B8400A9A177 /* Project object */;
}
